PODS:
  - Bolts (1.8.4):
    - Bolts/AppLinks (= 1.8.4)
    - Bolts/Tasks (= 1.8.4)
  - Bolts/AppLinks (1.8.4):
    - Bolts/Tasks
  - Bolts/Tasks (1.8.4)
  - DKImagePickerController (3.4.2):
    - DKImagePickerController/Camera (= 3.4.2)
    - DKImagePickerController/ImageManager (= 3.4.2)
  - DKImagePickerController/Camera (3.4.2)
  - DKImagePickerController/ImageManager (3.4.2)
  - Fabric (1.6.11)
  - FacebookCore (0.2.0):
    - Bolts (~> 1.8)
    - FBSDKCoreKit (~> 4.15)
  - FacebookLogin (0.2.0):
    - Bolts (~> 1.8)
    - FacebookCore (~> 0.2)
    - FBSDKCoreKit (~> 4.15)
    - FBSDKLoginKit (~> 4.15)
  - FacebookShare (0.2.0):
    - Bolts (~> 1.8)
    - FacebookCore (~> 0.2)
    - FBSDKCoreKit (~> 4.15)
    - FBSDKShareKit (~> 4.15)
  - FBSDKCoreKit (4.17.0):
    - Bolts (~> 1.7)
  - FBSDKLoginKit (4.17.0):
    - FBSDKCoreKit
  - FBSDKShareKit (4.17.0):
    - FBSDKCoreKit
  - TwitterCore (2.7.0):
    - Fabric
  - TwitterKit (2.7.0):
    - TwitterCore (= 2.7.0)

DEPENDENCIES:
  - DKImagePickerController
  - Fabric
  - FacebookCore
  - FacebookLogin
  - FacebookShare
  - TwitterCore
  - TwitterKit

SPEC CHECKSUMS:
  Bolts: 8a7995239dbe724f9cba2248b766d48b7ebdd322
  DKImagePickerController: 8fc8a42120cb0c9b7982af04d47e0e5b25b5186f
  Fabric: 5911403591946b8228ab1c51d98f1d7137e863c6
  FacebookCore: 2cb3f0fbff218e9d3119cec84bae983b232412de
  FacebookLogin: c9d606504735780a9e3002465a615512e0a691a5
  FacebookShare: 8e9ee8ea06505e6a1d3d719b0cc63e840fb8aaeb
  FBSDKCoreKit: 30a21d2d7b92984b3d80497113433c00824c35e9
  FBSDKLoginKit: 42b7129ac0373ca99eaf4cbebf4d07bd42371f59
  FBSDKShareKit: 9b573d03fbee36cbaf42d5bb1f2bc019e0d72347
  TwitterCore: fbdbeaf6d2d20cf7c7aa4136fe5173c1c85df2e2
  TwitterKit: 97e729ceea041d174126235bf6ff67dcf37772d4

PODFILE CHECKSUM: 7c50b0c0057321592541adb18aee8b59e2fb48ed

COCOAPODS: 1.1.1
