// !$*UTF8*$!
{
	archiveVersion = 1;
	classes = {
	};
	objectVersion = 46;
	objects = {

/* Begin PBXBuildFile section */
		369C90B253ABC6DA4733A587 /* Pods_PostHelper.framework in Frameworks */ = {isa = PBXBuildFile; fileRef = EF7280D41AB2AAB696B055B5 /* Pods_PostHelper.framework */; };
		3D65CDDD1DDC423D00073AB4 /* AppDelegate.swift in Sources */ = {isa = PBXBuildFile; fileRef = 3D65CDD51DDC423D00073AB4 /* AppDelegate.swift */; };
		3D65CDE21DDC423D00073AB4 /* HALoginVC.swift in Sources */ = {isa = PBXBuildFile; fileRef = 3D65CDDC1DDC423D00073AB4 /* HALoginVC.swift */; };
		3D65CDE31DDC446C00073AB4 /* HALogin.storyboard in Resources */ = {isa = PBXBuildFile; fileRef = 3D65CDDB1DDC423D00073AB4 /* HALogin.storyboard */; };
		3D65CDE41DDC446C00073AB4 /* HALoginVC.swift in Resources */ = {isa = PBXBuildFile; fileRef = 3D65CDDC1DDC423D00073AB4 /* HALoginVC.swift */; };
		3D65CDE61DDC446C00073AB4 /* LaunchScreen.storyboard in Resources */ = {isa = PBXBuildFile; fileRef = 3D65CDD91DDC423D00073AB4 /* LaunchScreen.storyboard */; };
		3D65CDE71DDC446C00073AB4 /* AppDelegate.swift in Resources */ = {isa = PBXBuildFile; fileRef = 3D65CDD51DDC423D00073AB4 /* AppDelegate.swift */; };
		3D65CDE81DDC446C00073AB4 /* Assets.xcassets in Resources */ = {isa = PBXBuildFile; fileRef = 3D65CDD61DDC423D00073AB4 /* Assets.xcassets */; };
		3D832FC31E238D6800D5EF79 /* HAWechatManager.swift in Sources */ = {isa = PBXBuildFile; fileRef = 3D832FC21E238D6800D5EF79 /* HAWechatManager.swift */; };
		3D832FC51E24C08400D5EF79 /* HATwitterManager.swift in Sources */ = {isa = PBXBuildFile; fileRef = 3D832FC41E24C08400D5EF79 /* HATwitterManager.swift */; };
		3D98093F1DDDA0E700BB4FEF /* Home.storyboard in Resources */ = {isa = PBXBuildFile; fileRef = 3D98093E1DDDA0E700BB4FEF /* Home.storyboard */; };
		3D9809411DDDAAE400BB4FEF /* HAPostVC.swift in Sources */ = {isa = PBXBuildFile; fileRef = 3D9809401DDDAAE400BB4FEF /* HAPostVC.swift */; };
		3D9809431DE31D7900BB4FEF /* HAHomeTableController.swift in Sources */ = {isa = PBXBuildFile; fileRef = 3D9809421DE31D7900BB4FEF /* HAHomeTableController.swift */; };
		3D9809471DE591A900BB4FEF /* HAImagePickerManager.swift in Sources */ = {isa = PBXBuildFile; fileRef = 3D9809461DE591A900BB4FEF /* HAImagePickerManager.swift */; };
		3DB307221DDB2B0E00CFBFC6 /* PostHelperTests.swift in Sources */ = {isa = PBXBuildFile; fileRef = 3DB307211DDB2B0E00CFBFC6 /* PostHelperTests.swift */; };
		3DB3072D1DDB2B0E00CFBFC6 /* PostHelperUITests.swift in Sources */ = {isa = PBXBuildFile; fileRef = 3DB3072C1DDB2B0E00CFBFC6 /* PostHelperUITests.swift */; };
		3DF4CFB61E017A5200423B92 /* HAFacebookManager.swift in Sources */ = {isa = PBXBuildFile; fileRef = 3DF4CFB51E017A5200423B92 /* HAFacebookManager.swift */; };
/* End PBXBuildFile section */

/* Begin PBXContainerItemProxy section */
		3DB3071E1DDB2B0E00CFBFC6 /* PBXContainerItemProxy */ = {
			isa = PBXContainerItemProxy;
			containerPortal = 3DB307011DDB2B0E00CFBFC6 /* Project object */;
			proxyType = 1;
			remoteGlobalIDString = 3DB307081DDB2B0E00CFBFC6;
			remoteInfo = PostHelper;
		};
		3DB307291DDB2B0E00CFBFC6 /* PBXContainerItemProxy */ = {
			isa = PBXContainerItemProxy;
			containerPortal = 3DB307011DDB2B0E00CFBFC6 /* Project object */;
			proxyType = 1;
			remoteGlobalIDString = 3DB307081DDB2B0E00CFBFC6;
			remoteInfo = PostHelper;
		};
/* End PBXContainerItemProxy section */

/* Begin PBXFileReference section */
		3D65CDD51DDC423D00073AB4 /* AppDelegate.swift */ = {isa = PBXFileReference; fileEncoding = 4; lastKnownFileType = sourcecode.swift; path = AppDelegate.swift; sourceTree = "<group>"; };
		3D65CDD61DDC423D00073AB4 /* Assets.xcassets */ = {isa = PBXFileReference; lastKnownFileType = folder.assetcatalog; path = Assets.xcassets; sourceTree = "<group>"; };
		3D65CDD81DDC423D00073AB4 /* Info.plist */ = {isa = PBXFileReference; fileEncoding = 4; lastKnownFileType = text.plist.xml; path = Info.plist; sourceTree = "<group>"; };
		3D65CDD91DDC423D00073AB4 /* LaunchScreen.storyboard */ = {isa = PBXFileReference; fileEncoding = 4; lastKnownFileType = file.storyboard; path = LaunchScreen.storyboard; sourceTree = "<group>"; };
		3D65CDDB1DDC423D00073AB4 /* HALogin.storyboard */ = {isa = PBXFileReference; fileEncoding = 4; lastKnownFileType = file.storyboard; path = HALogin.storyboard; sourceTree = "<group>"; };
		3D65CDDC1DDC423D00073AB4 /* HALoginVC.swift */ = {isa = PBXFileReference; fileEncoding = 4; lastKnownFileType = sourcecode.swift; path = HALoginVC.swift; sourceTree = "<group>"; };
		3D65CDE91DDC4F1200073AB4 /* PostHelper.entitlements */ = {isa = PBXFileReference; lastKnownFileType = text.plist.entitlements; path = PostHelper.entitlements; sourceTree = "<group>"; };
		3D832FC21E238D6800D5EF79 /* HAWechatManager.swift */ = {isa = PBXFileReference; fileEncoding = 4; lastKnownFileType = sourcecode.swift; path = HAWechatManager.swift; sourceTree = "<group>"; };
		3D832FC41E24C08400D5EF79 /* HATwitterManager.swift */ = {isa = PBXFileReference; fileEncoding = 4; lastKnownFileType = sourcecode.swift; path = HATwitterManager.swift; sourceTree = "<group>"; };
		3D98093E1DDDA0E700BB4FEF /* Home.storyboard */ = {isa = PBXFileReference; fileEncoding = 4; lastKnownFileType = file.storyboard; path = Home.storyboard; sourceTree = "<group>"; };
		3D9809401DDDAAE400BB4FEF /* HAPostVC.swift */ = {isa = PBXFileReference; fileEncoding = 4; lastKnownFileType = sourcecode.swift; path = HAPostVC.swift; sourceTree = "<group>"; };
		3D9809421DE31D7900BB4FEF /* HAHomeTableController.swift */ = {isa = PBXFileReference; fileEncoding = 4; lastKnownFileType = sourcecode.swift; path = HAHomeTableController.swift; sourceTree = "<group>"; };
		3D9809461DE591A900BB4FEF /* HAImagePickerManager.swift */ = {isa = PBXFileReference; fileEncoding = 4; lastKnownFileType = sourcecode.swift; path = HAImagePickerManager.swift; sourceTree = "<group>"; };
		3D9809481DE6CCD800BB4FEF /* ImagePicker.framework */ = {isa = PBXFileReference; explicitFileType = wrapper.framework; path = ImagePicker.framework; sourceTree = BUILT_PRODUCTS_DIR; };
		3DB307091DDB2B0E00CFBFC6 /* PostHelper.app */ = {isa = PBXFileReference; explicitFileType = wrapper.application; includeInIndex = 0; path = PostHelper.app; sourceTree = BUILT_PRODUCTS_DIR; };
		3DB3071D1DDB2B0E00CFBFC6 /* PostHelperTests.xctest */ = {isa = PBXFileReference; explicitFileType = wrapper.cfbundle; includeInIndex = 0; path = PostHelperTests.xctest; sourceTree = BUILT_PRODUCTS_DIR; };
		3DB307211DDB2B0E00CFBFC6 /* PostHelperTests.swift */ = {isa = PBXFileReference; lastKnownFileType = sourcecode.swift; path = PostHelperTests.swift; sourceTree = "<group>"; };
		3DB307231DDB2B0E00CFBFC6 /* Info.plist */ = {isa = PBXFileReference; lastKnownFileType = text.plist.xml; path = Info.plist; sourceTree = "<group>"; };
		3DB307281DDB2B0E00CFBFC6 /* PostHelperUITests.xctest */ = {isa = PBXFileReference; explicitFileType = wrapper.cfbundle; includeInIndex = 0; path = PostHelperUITests.xctest; sourceTree = BUILT_PRODUCTS_DIR; };
		3DB3072C1DDB2B0E00CFBFC6 /* PostHelperUITests.swift */ = {isa = PBXFileReference; lastKnownFileType = sourcecode.swift; path = PostHelperUITests.swift; sourceTree = "<group>"; };
		3DB3072E1DDB2B0E00CFBFC6 /* Info.plist */ = {isa = PBXFileReference; lastKnownFileType = text.plist.xml; path = Info.plist; sourceTree = "<group>"; };
		3DF4CFB51E017A5200423B92 /* HAFacebookManager.swift */ = {isa = PBXFileReference; fileEncoding = 4; lastKnownFileType = sourcecode.swift; path = HAFacebookManager.swift; sourceTree = "<group>"; };
		747A69839BDFCDEF9138C8E0 /* Pods_PostHelperUITests.framework */ = {isa = PBXFileReference; explicitFileType = wrapper.framework; includeInIndex = 0; path = Pods_PostHelperUITests.framework; sourceTree = BUILT_PRODUCTS_DIR; };
		8FFDBA34AE057E37144E9A72 /* Pods-PostHelper.release.xcconfig */ = {isa = PBXFileReference; includeInIndex = 1; lastKnownFileType = text.xcconfig; name = "Pods-PostHelper.release.xcconfig"; path = "Pods/Target Support Files/Pods-PostHelper/Pods-PostHelper.release.xcconfig"; sourceTree = "<group>"; };
		939F7C730FC13A127E23CEAA /* Pods-PostHelper.debug.xcconfig */ = {isa = PBXFileReference; includeInIndex = 1; lastKnownFileType = text.xcconfig; name = "Pods-PostHelper.debug.xcconfig"; path = "Pods/Target Support Files/Pods-PostHelper/Pods-PostHelper.debug.xcconfig"; sourceTree = "<group>"; };
		EF7280D41AB2AAB696B055B5 /* Pods_PostHelper.framework */ = {isa = PBXFileReference; explicitFileType = wrapper.framework; includeInIndex = 0; path = Pods_PostHelper.framework; sourceTree = BUILT_PRODUCTS_DIR; };
		FA1487E709B98E8B9BEC35DF /* Pods_PostHelperTests.framework */ = {isa = PBXFileReference; explicitFileType = wrapper.framework; includeInIndex = 0; path = Pods_PostHelperTests.framework; sourceTree = BUILT_PRODUCTS_DIR; };
/* End PBXFileReference section */

/* Begin PBXFrameworksBuildPhase section */
		3DB307061DDB2B0E00CFBFC6 /* Frameworks */ = {
			isa = PBXFrameworksBuildPhase;
			buildActionMask = 2147483647;
			files = (
				369C90B253ABC6DA4733A587 /* Pods_PostHelper.framework in Frameworks */,
			);
			runOnlyForDeploymentPostprocessing = 0;
		};
		3DB3071A1DDB2B0E00CFBFC6 /* Frameworks */ = {
			isa = PBXFrameworksBuildPhase;
			buildActionMask = 2147483647;
			files = (
			);
			runOnlyForDeploymentPostprocessing = 0;
		};
		3DB307251DDB2B0E00CFBFC6 /* Frameworks */ = {
			isa = PBXFrameworksBuildPhase;
			buildActionMask = 2147483647;
			files = (
			);
			runOnlyForDeploymentPostprocessing = 0;
		};
/* End PBXFrameworksBuildPhase section */

/* Begin PBXGroup section */
		11634D9F0F7107EBE1FA3908 /* Frameworks */ = {
			isa = PBXGroup;
			children = (
				EF7280D41AB2AAB696B055B5 /* Pods_PostHelper.framework */,
				FA1487E709B98E8B9BEC35DF /* Pods_PostHelperTests.framework */,
				747A69839BDFCDEF9138C8E0 /* Pods_PostHelperUITests.framework */,
			);
			name = Frameworks;
			sourceTree = "<group>";
		};
		3D65CDD41DDC423D00073AB4 /* PostHelper */ = {
			isa = PBXGroup;
			children = (
				3D65CDE91DDC4F1200073AB4 /* PostHelper.entitlements */,
				3D65CDDA1DDC423D00073AB4 /* Login */,
				3D65CDD71DDC423D00073AB4 /* Home */,
				3D65CDD81DDC423D00073AB4 /* Info.plist */,
				3D65CDD91DDC423D00073AB4 /* LaunchScreen.storyboard */,
				3D65CDD51DDC423D00073AB4 /* AppDelegate.swift */,
				3D65CDD61DDC423D00073AB4 /* Assets.xcassets */,
			);
			path = PostHelper;
			sourceTree = "<group>";
		};
		3D65CDD71DDC423D00073AB4 /* Home */ = {
			isa = PBXGroup;
			children = (
				3D98093E1DDDA0E700BB4FEF /* Home.storyboard */,
				3D9809421DE31D7900BB4FEF /* HAHomeTableController.swift */,
				3D9809401DDDAAE400BB4FEF /* HAPostVC.swift */,
				3DF4CFB51E017A5200423B92 /* HAFacebookManager.swift */,
				3D9809461DE591A900BB4FEF /* HAImagePickerManager.swift */,
				3D832FC21E238D6800D5EF79 /* HAWechatManager.swift */,
				3D832FC41E24C08400D5EF79 /* HATwitterManager.swift */,
			);
			path = Home;
			sourceTree = "<group>";
		};
		3D65CDDA1DDC423D00073AB4 /* Login */ = {
			isa = PBXGroup;
			children = (
				3D65CDDB1DDC423D00073AB4 /* HALogin.storyboard */,
				3D65CDDC1DDC423D00073AB4 /* HALoginVC.swift */,
			);
			path = Login;
			sourceTree = "<group>";
		};
		3DB307001DDB2B0E00CFBFC6 = {
			isa = PBXGroup;
			children = (
				3D9809481DE6CCD800BB4FEF /* ImagePicker.framework */,
				3D65CDD41DDC423D00073AB4 /* PostHelper */,
				3DB307201DDB2B0E00CFBFC6 /* PostHelperTests */,
				3DB3072B1DDB2B0E00CFBFC6 /* PostHelperUITests */,
				3DB3070A1DDB2B0E00CFBFC6 /* Products */,
				BFAB604D503CC05C2D567932 /* Pods */,
				11634D9F0F7107EBE1FA3908 /* Frameworks */,
			);
			sourceTree = "<group>";
		};
		3DB3070A1DDB2B0E00CFBFC6 /* Products */ = {
			isa = PBXGroup;
			children = (
				3DB307091DDB2B0E00CFBFC6 /* PostHelper.app */,
				3DB3071D1DDB2B0E00CFBFC6 /* PostHelperTests.xctest */,
				3DB307281DDB2B0E00CFBFC6 /* PostHelperUITests.xctest */,
			);
			name = Products;
			sourceTree = "<group>";
		};
		3DB307201DDB2B0E00CFBFC6 /* PostHelperTests */ = {
			isa = PBXGroup;
			children = (
				3DB307211DDB2B0E00CFBFC6 /* PostHelperTests.swift */,
				3DB307231DDB2B0E00CFBFC6 /* Info.plist */,
			);
			path = PostHelperTests;
			sourceTree = "<group>";
		};
		3DB3072B1DDB2B0E00CFBFC6 /* PostHelperUITests */ = {
			isa = PBXGroup;
			children = (
				3DB3072C1DDB2B0E00CFBFC6 /* PostHelperUITests.swift */,
				3DB3072E1DDB2B0E00CFBFC6 /* Info.plist */,
			);
			path = PostHelperUITests;
			sourceTree = "<group>";
		};
		BFAB604D503CC05C2D567932 /* Pods */ = {
			isa = PBXGroup;
			children = (
				939F7C730FC13A127E23CEAA /* Pods-PostHelper.debug.xcconfig */,
				8FFDBA34AE057E37144E9A72 /* Pods-PostHelper.release.xcconfig */,
			);
			name = Pods;
			sourceTree = "<group>";
		};
/* End PBXGroup section */

/* Begin PBXNativeTarget section */
		3DB307081DDB2B0E00CFBFC6 /* PostHelper */ = {
			isa = PBXNativeTarget;
			buildConfigurationList = 3DB307311DDB2B0E00CFBFC6 /* Build configuration list for PBXNativeTarget "PostHelper" */;
			buildPhases = (
				1E1D91AB50B3BFC50F69D012 /* [CP] Check Pods Manifest.lock */,
				3DB307051DDB2B0E00CFBFC6 /* Sources */,
				3DB307061DDB2B0E00CFBFC6 /* Frameworks */,
				3DB307071DDB2B0E00CFBFC6 /* Resources */,
				19EA883AB8F31C240A232007 /* [CP] Embed Pods Frameworks */,
				E82919AF6BDC4FE0743F8081 /* [CP] Copy Pods Resources */,
				3D832FC61E24C48A00D5EF79 /* ShellScript */,
			);
			buildRules = (
			);
			dependencies = (
			);
			name = PostHelper;
			productName = PostHelper;
			productReference = 3DB307091DDB2B0E00CFBFC6 /* PostHelper.app */;
			productType = "com.apple.product-type.application";
		};
		3DB3071C1DDB2B0E00CFBFC6 /* PostHelperTests */ = {
			isa = PBXNativeTarget;
			buildConfigurationList = 3DB307341DDB2B0E00CFBFC6 /* Build configuration list for PBXNativeTarget "PostHelperTests" */;
			buildPhases = (
				3DB307191DDB2B0E00CFBFC6 /* Sources */,
				3DB3071A1DDB2B0E00CFBFC6 /* Frameworks */,
				3DB3071B1DDB2B0E00CFBFC6 /* Resources */,
			);
			buildRules = (
			);
			dependencies = (
				3DB3071F1DDB2B0E00CFBFC6 /* PBXTargetDependency */,
			);
			name = PostHelperTests;
			productName = PostHelperTests;
			productReference = 3DB3071D1DDB2B0E00CFBFC6 /* PostHelperTests.xctest */;
			productType = "com.apple.product-type.bundle.unit-test";
		};
		3DB307271DDB2B0E00CFBFC6 /* PostHelperUITests */ = {
			isa = PBXNativeTarget;
			buildConfigurationList = 3DB307371DDB2B0E00CFBFC6 /* Build configuration list for PBXNativeTarget "PostHelperUITests" */;
			buildPhases = (
				3DB307241DDB2B0E00CFBFC6 /* Sources */,
				3DB307251DDB2B0E00CFBFC6 /* Frameworks */,
				3DB307261DDB2B0E00CFBFC6 /* Resources */,
			);
			buildRules = (
			);
			dependencies = (
				3DB3072A1DDB2B0E00CFBFC6 /* PBXTargetDependency */,
			);
			name = PostHelperUITests;
			productName = PostHelperUITests;
			productReference = 3DB307281DDB2B0E00CFBFC6 /* PostHelperUITests.xctest */;
			productType = "com.apple.product-type.bundle.ui-testing";
		};
/* End PBXNativeTarget section */

/* Begin PBXProject section */
		3DB307011DDB2B0E00CFBFC6 /* Project object */ = {
			isa = PBXProject;
			attributes = {
				CLASSPREFIX = HA;
				LastSwiftUpdateCheck = 0810;
				LastUpgradeCheck = 0810;
				ORGANIZATIONNAME = HnA;
				TargetAttributes = {
					3DB307081DDB2B0E00CFBFC6 = {
						CreatedOnToolsVersion = 8.1;
						DevelopmentTeam = Q42V28CTZ7;
						ProvisioningStyle = Automatic;
						SystemCapabilities = {
							com.apple.Keychain = {
								enabled = 1;
							};
						};
					};
					3DB3071C1DDB2B0E00CFBFC6 = {
						CreatedOnToolsVersion = 8.1;
						DevelopmentTeam = Q42V28CTZ7;
						ProvisioningStyle = Automatic;
						TestTargetID = 3DB307081DDB2B0E00CFBFC6;
					};
					3DB307271DDB2B0E00CFBFC6 = {
						CreatedOnToolsVersion = 8.1;
						DevelopmentTeam = Q42V28CTZ7;
						ProvisioningStyle = Automatic;
						TestTargetID = 3DB307081DDB2B0E00CFBFC6;
					};
				};
			};
			buildConfigurationList = 3DB307041DDB2B0E00CFBFC6 /* Build configuration list for PBXProject "PostHelper" */;
			compatibilityVersion = "Xcode 3.2";
			developmentRegion = English;
			hasScannedForEncodings = 0;
			knownRegions = (
				en,
				Base,
			);
			mainGroup = 3DB307001DDB2B0E00CFBFC6;
			productRefGroup = 3DB3070A1DDB2B0E00CFBFC6 /* Products */;
			projectDirPath = "";
			projectRoot = "";
			targets = (
				3DB307081DDB2B0E00CFBFC6 /* PostHelper */,
				3DB3071C1DDB2B0E00CFBFC6 /* PostHelperTests */,
				3DB307271DDB2B0E00CFBFC6 /* PostHelperUITests */,
			);
		};
/* End PBXProject section */

/* Begin PBXResourcesBuildPhase section */
		3DB307071DDB2B0E00CFBFC6 /* Resources */ = {
			isa = PBXResourcesBuildPhase;
			buildActionMask = 2147483647;
			files = (
				3D65CDE31DDC446C00073AB4 /* HALogin.storyboard in Resources */,
				3D65CDE41DDC446C00073AB4 /* HALoginVC.swift in Resources */,
				3D65CDE61DDC446C00073AB4 /* LaunchScreen.storyboard in Resources */,
				3D98093F1DDDA0E700BB4FEF /* Home.storyboard in Resources */,
				3D65CDE71DDC446C00073AB4 /* AppDelegate.swift in Resources */,
				3D65CDE81DDC446C00073AB4 /* Assets.xcassets in Resources */,
			);
			runOnlyForDeploymentPostprocessing = 0;
		};
		3DB3071B1DDB2B0E00CFBFC6 /* Resources */ = {
			isa = PBXResourcesBuildPhase;
			buildActionMask = 2147483647;
			files = (
			);
			runOnlyForDeploymentPostprocessing = 0;
		};
		3DB307261DDB2B0E00CFBFC6 /* Resources */ = {
			isa = PBXResourcesBuildPhase;
			buildActionMask = 2147483647;
			files = (
			);
			runOnlyForDeploymentPostprocessing = 0;
		};
/* End PBXResourcesBuildPhase section */

/* Begin PBXShellScriptBuildPhase section */
		19EA883AB8F31C240A232007 /* [CP] Embed Pods Frameworks */ = {
			isa = PBXShellScriptBuildPhase;
			buildActionMask = 2147483647;
			files = (
			);
			inputPaths = (
			);
			name = "[CP] Embed Pods Frameworks";
			outputPaths = (
			);
			runOnlyForDeploymentPostprocessing = 0;
			shellPath = /bin/sh;
			shellScript = "\"${SRCROOT}/Pods/Target Support Files/Pods-PostHelper/Pods-PostHelper-frameworks.sh\"\n";
			showEnvVarsInLog = 0;
		};
		1E1D91AB50B3BFC50F69D012 /* [CP] Check Pods Manifest.lock */ = {
			isa = PBXShellScriptBuildPhase;
			buildActionMask = 2147483647;
			files = (
			);
			inputPaths = (
			);
			name = "[CP] Check Pods Manifest.lock";
			outputPaths = (
			);
			runOnlyForDeploymentPostprocessing = 0;
			shellPath = /bin/sh;
			shellScript = "diff \"${PODS_ROOT}/../Podfile.lock\" \"${PODS_ROOT}/Manifest.lock\" > /dev/null\nif [ $? != 0 ] ; then\n    # print error to STDERR\n    echo \"error: The sandbox is not in sync with the Podfile.lock. Run 'pod install' or update your CocoaPods installation.\" >&2\n    exit 1\nfi\n";
			showEnvVarsInLog = 0;
		};
		3D832FC61E24C48A00D5EF79 /* ShellScript */ = {
			isa = PBXShellScriptBuildPhase;
			buildActionMask = 2147483647;
			files = (
			);
			inputPaths = (
			);
			outputPaths = (
			);
			runOnlyForDeploymentPostprocessing = 0;
			shellPath = /bin/sh;
			shellScript = "\"${PODS_ROOT}/Fabric/run\" 92763f24a6e5b44254acebbfbde88411728d436a 163eb0fb46080ee495e0a6a77a5cfcbf50449b5a89b49f9c06e5f2eba1e29cc6";
		};
		E82919AF6BDC4FE0743F8081 /* [CP] Copy Pods Resources */ = {
			isa = PBXShellScriptBuildPhase;
			buildActionMask = 2147483647;
			files = (
			);
			inputPaths = (
			);
			name = "[CP] Copy Pods Resources";
			outputPaths = (
			);
			runOnlyForDeploymentPostprocessing = 0;
			shellPath = /bin/sh;
			shellScript = "\"${SRCROOT}/Pods/Target Support Files/Pods-PostHelper/Pods-PostHelper-resources.sh\"\n";
			showEnvVarsInLog = 0;
		};
/* End PBXShellScriptBuildPhase section */

/* Begin PBXSourcesBuildPhase section */
		3DB307051DDB2B0E00CFBFC6 /* Sources */ = {
			isa = PBXSourcesBuildPhase;
			buildActionMask = 2147483647;
			files = (
				3D832FC51E24C08400D5EF79 /* HATwitterManager.swift in Sources */,
				3D9809431DE31D7900BB4FEF /* HAHomeTableController.swift in Sources */,
				3D65CDDD1DDC423D00073AB4 /* AppDelegate.swift in Sources */,
				3DF4CFB61E017A5200423B92 /* HAFacebookManager.swift in Sources */,
				3D9809471DE591A900BB4FEF /* HAImagePickerManager.swift in Sources */,
				3D9809411DDDAAE400BB4FEF /* HAPostVC.swift in Sources */,
				3D832FC31E238D6800D5EF79 /* HAWechatManager.swift in Sources */,
				3D65CDE21DDC423D00073AB4 /* HALoginVC.swift in Sources */,
			);
			runOnlyForDeploymentPostprocessing = 0;
		};
		3DB307191DDB2B0E00CFBFC6 /* Sources */ = {
			isa = PBXSourcesBuildPhase;
			buildActionMask = 2147483647;
			files = (
				3DB307221DDB2B0E00CFBFC6 /* PostHelperTests.swift in Sources */,
			);
			runOnlyForDeploymentPostprocessing = 0;
		};
		3DB307241DDB2B0E00CFBFC6 /* Sources */ = {
			isa = PBXSourcesBuildPhase;
			buildActionMask = 2147483647;
			files = (
				3DB3072D1DDB2B0E00CFBFC6 /* PostHelperUITests.swift in Sources */,
			);
			runOnlyForDeploymentPostprocessing = 0;
		};
/* End PBXSourcesBuildPhase section */

/* Begin PBXTargetDependency section */
		3DB3071F1DDB2B0E00CFBFC6 /* PBXTargetDependency */ = {
			isa = PBXTargetDependency;
			target = 3DB307081DDB2B0E00CFBFC6 /* PostHelper */;
			targetProxy = 3DB3071E1DDB2B0E00CFBFC6 /* PBXContainerItemProxy */;
		};
		3DB3072A1DDB2B0E00CFBFC6 /* PBXTargetDependency */ = {
			isa = PBXTargetDependency;
			target = 3DB307081DDB2B0E00CFBFC6 /* PostHelper */;
			targetProxy = 3DB307291DDB2B0E00CFBFC6 /* PBXContainerItemProxy */;
		};
/* End PBXTargetDependency section */

/* Begin XCBuildConfiguration section */
		3DB3072F1DDB2B0E00CFBFC6 /* Debug */ = {
			isa = XCBuildConfiguration;
			buildSettings = {
				ALWAYS_SEARCH_USER_PATHS = NO;
				CLANG_ANALYZER_NONNULL = YES;
				CLANG_CXX_LANGUAGE_STANDARD = "gnu++0x";
				CLANG_CXX_LIBRARY = "libc++";
				CLANG_ENABLE_MODULES = YES;
				CLANG_ENABLE_OBJC_ARC = YES;
				CLANG_WARN_BOOL_CONVERSION = YES;
				CLANG_WARN_CONSTANT_CONVERSION = YES;
				CLANG_WARN_DIRECT_OBJC_ISA_USAGE = YES_ERROR;
				CLANG_WARN_DOCUMENTATION_COMMENTS = YES;
				CLANG_WARN_EMPTY_BODY = YES;
				CLANG_WARN_ENUM_CONVERSION = YES;
				CLANG_WARN_INFINITE_RECURSION = YES;
				CLANG_WARN_INT_CONVERSION = YES;
				CLANG_WARN_OBJC_ROOT_CLASS = YES_ERROR;
				CLANG_WARN_SUSPICIOUS_MOVES = YES;
				CLANG_WARN_UNREACHABLE_CODE = YES;
				CLANG_WARN__DUPLICATE_METHOD_MATCH = YES;
				"CODE_SIGN_IDENTITY[sdk=iphoneos*]" = "iPhone Developer";
				COPY_PHASE_STRIP = NO;
				DEBUG_INFORMATION_FORMAT = dwarf;
				ENABLE_STRICT_OBJC_MSGSEND = YES;
				ENABLE_TESTABILITY = YES;
				GCC_C_LANGUAGE_STANDARD = gnu99;
				GCC_DYNAMIC_NO_PIC = NO;
				GCC_NO_COMMON_BLOCKS = YES;
				GCC_OPTIMIZATION_LEVEL = 0;
				GCC_PREPROCESSOR_DEFINITIONS = (
					"DEBUG=1",
					"$(inherited)",
				);
				GCC_WARN_64_TO_32_BIT_CONVERSION = YES;
				GCC_WARN_ABOUT_RETURN_TYPE = YES_ERROR;
				GCC_WARN_UNDECLARED_SELECTOR = YES;
				GCC_WARN_UNINITIALIZED_AUTOS = YES_AGGRESSIVE;
				GCC_WARN_UNUSED_FUNCTION = YES;
				GCC_WARN_UNUSED_VARIABLE = YES;
				IPHONEOS_DEPLOYMENT_TARGET = 10.1;
				MTL_ENABLE_DEBUG_INFO = YES;
				ONLY_ACTIVE_ARCH = YES;
				SDKROOT = iphoneos;
				SWIFT_ACTIVE_COMPILATION_CONDITIONS = DEBUG;
				SWIFT_OPTIMIZATION_LEVEL = "-Onone";
			};
			name = Debug;
		};
		3DB307301DDB2B0E00CFBFC6 /* Release */ = {
			isa = XCBuildConfiguration;
			buildSettings = {
				ALWAYS_SEARCH_USER_PATHS = NO;
				CLANG_ANALYZER_NONNULL = YES;
				CLANG_CXX_LANGUAGE_STANDARD = "gnu++0x";
				CLANG_CXX_LIBRARY = "libc++";
				CLANG_ENABLE_MODULES = YES;
				CLANG_ENABLE_OBJC_ARC = YES;
				CLANG_WARN_BOOL_CONVERSION = YES;
				CLANG_WARN_CONSTANT_CONVERSION = YES;
				CLANG_WARN_DIRECT_OBJC_ISA_USAGE = YES_ERROR;
				CLANG_WARN_DOCUMENTATION_COMMENTS = YES;
				CLANG_WARN_EMPTY_BODY = YES;
				CLANG_WARN_ENUM_CONVERSION = YES;
				CLANG_WARN_INFINITE_RECURSION = YES;
				CLANG_WARN_INT_CONVERSION = YES;
				CLANG_WARN_OBJC_ROOT_CLASS = YES_ERROR;
				CLANG_WARN_SUSPICIOUS_MOVES = YES;
				CLANG_WARN_UNREACHABLE_CODE = YES;
				CLANG_WARN__DUPLICATE_METHOD_MATCH = YES;
				"CODE_SIGN_IDENTITY[sdk=iphoneos*]" = "iPhone Developer";
				COPY_PHASE_STRIP = NO;
				DEBUG_INFORMATION_FORMAT = "dwarf-with-dsym";
				ENABLE_NS_ASSERTIONS = NO;
				ENABLE_STRICT_OBJC_MSGSEND = YES;
				GCC_C_LANGUAGE_STANDARD = gnu99;
				GCC_NO_COMMON_BLOCKS = YES;
				GCC_WARN_64_TO_32_BIT_CONVERSION = YES;
				GCC_WARN_ABOUT_RETURN_TYPE = YES_ERROR;
				GCC_WARN_UNDECLARED_SELECTOR = YES;
				GCC_WARN_UNINITIALIZED_AUTOS = YES_AGGRESSIVE;
				GCC_WARN_UNUSED_FUNCTION = YES;
				GCC_WARN_UNUSED_VARIABLE = YES;
				IPHONEOS_DEPLOYMENT_TARGET = 10.1;
				MTL_ENABLE_DEBUG_INFO = NO;
				SDKROOT = iphoneos;
				SWIFT_OPTIMIZATION_LEVEL = "-Owholemodule";
				VALIDATE_PRODUCT = YES;
			};
			name = Release;
		};
		3DB307321DDB2B0E00CFBFC6 /* Debug */ = {
			isa = XCBuildConfiguration;
			baseConfigurationReference = 939F7C730FC13A127E23CEAA /* Pods-PostHelper.debug.xcconfig */;
			buildSettings = {
				ASSETCATALOG_COMPILER_APPICON_NAME = AppIcon;
				CODE_SIGN_ENTITLEMENTS = PostHelper/PostHelper.entitlements;
				DEVELOPMENT_TEAM = Q42V28CTZ7;
				INFOPLIST_FILE = PostHelper/Info.plist;
				LD_RUNPATH_SEARCH_PATHS = "$(inherited) @executable_path/Frameworks";
				PRODUCT_BUNDLE_IDENTIFIER = com.HnA.PostHelper;
				PRODUCT_NAME = "$(TARGET_NAME)";
				SWIFT_VERSION = 3.0;
			};
			name = Debug;
		};
		3DB307331DDB2B0E00CFBFC6 /* Release */ = {
			isa = XCBuildConfiguration;
			baseConfigurationReference = 8FFDBA34AE057E37144E9A72 /* Pods-PostHelper.release.xcconfig */;
			buildSettings = {
				ASSETCATALOG_COMPILER_APPICON_NAME = AppIcon;
				CODE_SIGN_ENTITLEMENTS = PostHelper/PostHelper.entitlements;
				DEVELOPMENT_TEAM = Q42V28CTZ7;
				INFOPLIST_FILE = PostHelper/Info.plist;
				LD_RUNPATH_SEARCH_PATHS = "$(inherited) @executable_path/Frameworks";
				PRODUCT_BUNDLE_IDENTIFIER = com.HnA.PostHelper;
				PRODUCT_NAME = "$(TARGET_NAME)";
				SWIFT_VERSION = 3.0;
			};
			name = Release;
		};
		3DB307351DDB2B0E00CFBFC6 /* Debug */ = {
			isa = XCBuildConfiguration;
			buildSettings = {
				ALWAYS_EMBED_SWIFT_STANDARD_LIBRARIES = YES;
				BUNDLE_LOADER = "$(TEST_HOST)";
				DEVELOPMENT_TEAM = Q42V28CTZ7;
				INFOPLIST_FILE = PostHelperTests/Info.plist;
				LD_RUNPATH_SEARCH_PATHS = "$(inherited) @executable_path/Frameworks @loader_path/Frameworks";
				PRODUCT_BUNDLE_IDENTIFIER = com.HnA.PostHelperTests;
				PRODUCT_NAME = "$(TARGET_NAME)";
				SWIFT_VERSION = 3.0;
				TEST_HOST = "$(BUILT_PRODUCTS_DIR)/PostHelper.app/PostHelper";
			};
			name = Debug;
		};
		3DB307361DDB2B0E00CFBFC6 /* Release */ = {
			isa = XCBuildConfiguration;
			buildSettings = {
				ALWAYS_EMBED_SWIFT_STANDARD_LIBRARIES = YES;
				BUNDLE_LOADER = "$(TEST_HOST)";
				DEVELOPMENT_TEAM = Q42V28CTZ7;
				INFOPLIST_FILE = PostHelperTests/Info.plist;
				LD_RUNPATH_SEARCH_PATHS = "$(inherited) @executable_path/Frameworks @loader_path/Frameworks";
				PRODUCT_BUNDLE_IDENTIFIER = com.HnA.PostHelperTests;
				PRODUCT_NAME = "$(TARGET_NAME)";
				SWIFT_VERSION = 3.0;
				TEST_HOST = "$(BUILT_PRODUCTS_DIR)/PostHelper.app/PostHelper";
			};
			name = Release;
		};
		3DB307381DDB2B0E00CFBFC6 /* Debug */ = {
			isa = XCBuildConfiguration;
			buildSettings = {
				ALWAYS_EMBED_SWIFT_STANDARD_LIBRARIES = YES;
				DEVELOPMENT_TEAM = Q42V28CTZ7;
				INFOPLIST_FILE = PostHelperUITests/Info.plist;
				LD_RUNPATH_SEARCH_PATHS = "$(inherited) @executable_path/Frameworks @loader_path/Frameworks";
				PRODUCT_BUNDLE_IDENTIFIER = com.HnA.PostHelperUITests;
				PRODUCT_NAME = "$(TARGET_NAME)";
				SWIFT_VERSION = 3.0;
				TEST_TARGET_NAME = PostHelper;
			};
			name = Debug;
		};
		3DB307391DDB2B0E00CFBFC6 /* Release */ = {
			isa = XCBuildConfiguration;
			buildSettings = {
				ALWAYS_EMBED_SWIFT_STANDARD_LIBRARIES = YES;
				DEVELOPMENT_TEAM = Q42V28CTZ7;
				INFOPLIST_FILE = PostHelperUITests/Info.plist;
				LD_RUNPATH_SEARCH_PATHS = "$(inherited) @executable_path/Frameworks @loader_path/Frameworks";
				PRODUCT_BUNDLE_IDENTIFIER = com.HnA.PostHelperUITests;
				PRODUCT_NAME = "$(TARGET_NAME)";
				SWIFT_VERSION = 3.0;
				TEST_TARGET_NAME = PostHelper;
			};
			name = Release;
		};
/* End XCBuildConfiguration section */

/* Begin XCConfigurationList section */
		3DB307041DDB2B0E00CFBFC6 /* Build configuration list for PBXProject "PostHelper" */ = {
			isa = XCConfigurationList;
			buildConfigurations = (
				3DB3072F1DDB2B0E00CFBFC6 /* Debug */,
				3DB307301DDB2B0E00CFBFC6 /* Release */,
			);
			defaultConfigurationIsVisible = 0;
			defaultConfigurationName = Debug;
		};
		3DB307311DDB2B0E00CFBFC6 /* Build configuration list for PBXNativeTarget "PostHelper" */ = {
			isa = XCConfigurationList;
			buildConfigurations = (
				3DB307321DDB2B0E00CFBFC6 /* Debug */,
				3DB307331DDB2B0E00CFBFC6 /* Release */,
			);
			defaultConfigurationIsVisible = 0;
			defaultConfigurationName = Debug;
		};
		3DB307341DDB2B0E00CFBFC6 /* Build configuration list for PBXNativeTarget "PostHelperTests" */ = {
			isa = XCConfigurationList;
			buildConfigurations = (
				3DB307351DDB2B0E00CFBFC6 /* Debug */,
				3DB307361DDB2B0E00CFBFC6 /* Release */,
			);
			defaultConfigurationIsVisible = 0;
			defaultConfigurationName = Debug;
		};
		3DB307371DDB2B0E00CFBFC6 /* Build configuration list for PBXNativeTarget "PostHelperUITests" */ = {
			isa = XCConfigurationList;
			buildConfigurations = (
				3DB307381DDB2B0E00CFBFC6 /* Debug */,
				3DB307391DDB2B0E00CFBFC6 /* Release */,
			);
			defaultConfigurationIsVisible = 0;
			defaultConfigurationName = Debug;
		};
/* End XCConfigurationList section */
	};
	rootObject = 3DB307011DDB2B0E00CFBFC6 /* Project object */;
}
